
Microsoft Visual Studio Solution File, Format Version 12.00
# Visual Studio Version 16
VisualStudioVersion = 16.0.33214.272
MinimumVisualStudioVersion = 10.0.40219.1
Project("{FAE04EC0-301F-11D3-BF4B-00C04F79EFBC}") = "CarWashApi", "CarWashApi\CarWashApi.csproj", "{9421CFB0-786B-42C0-BEC5-A70F4E38E158}"
EndProject
Global
	GlobalSection(SolutionConfigurationPlatforms) = preSolution
		Debug|Any CPU = Debug|Any CPU
		Release|Any CPU = Release|Any CPU
	EndGlobalSection
	GlobalSection(ProjectConfigurationPlatforms) = postSolution
		{9421CFB0-786B-42C0-BEC5-A70F4E38E158}.Debug|Any CPU.ActiveCfg = Debug|Any CPU
		{9421CFB0-786B-42C0-BEC5-A70F4E38E158}.Debug|Any CPU.Build.0 = Debug|Any CPU
		{9421CFB0-786B-42C0-BEC5-A70F4E38E158}.Release|Any CPU.ActiveCfg = Release|Any CPU
		{9421CFB0-786B-42C0-BEC5-A70F4E38E158}.Release|Any CPU.Build.0 = Release|Any CPU
	EndGlobalSection
	GlobalSection(SolutionProperties) = preSolution
		HideSolutionNode = FALSE
	EndGlobalSection
	GlobalSection(ExtensibilityGlobals) = postSolution
		SolutionGuid = {E7B056AF-25E6-418A-B559-B930A38BC52A}
	EndGlobalSection
EndGlobal
